// !$*UTF8*$!
{
	archiveVersion = 1;
	classes = {
	};
	objectVersion = 46;
	objects = {

/* Begin PBXBuildFile section */
		7266F44C19CD8C6A00EA3AD8 /* main.m in Sources */ = {isa = PBXBuildFile; fileRef = 7266F44B19CD8C6A00EA3AD8 /* main.m */; };
		7266F44F19CD8C6A00EA3AD8 /* AppDelegate.m in Sources */ = {isa = PBXBuildFile; fileRef = 7266F44E19CD8C6A00EA3AD8 /* AppDelegate.m */; };
		7266F45219CD8C6A00EA3AD8 /* eatgood007.xcdatamodeld in Sources */ = {isa = PBXBuildFile; fileRef = 7266F45019CD8C6A00EA3AD8 /* eatgood007.xcdatamodeld */; };
		7266F45519CD8C6A00EA3AD8 /* ViewController.m in Sources */ = {isa = PBXBuildFile; fileRef = 7266F45419CD8C6A00EA3AD8 /* ViewController.m */; };
		7266F45819CD8C6A00EA3AD8 /* Main.storyboard in Resources */ = {isa = PBXBuildFile; fileRef = 7266F45619CD8C6A00EA3AD8 /* Main.storyboard */; };
		7266F45A19CD8C6A00EA3AD8 /* Images.xcassets in Resources */ = {isa = PBXBuildFile; fileRef = 7266F45919CD8C6A00EA3AD8 /* Images.xcassets */; };
		7266F45D19CD8C6A00EA3AD8 /* LaunchScreen.xib in Resources */ = {isa = PBXBuildFile; fileRef = 7266F45B19CD8C6A00EA3AD8 /* LaunchScreen.xib */; };
		7266F46919CD8C6A00EA3AD8 /* eatgood007Tests.m in Sources */ = {isa = PBXBuildFile; fileRef = 7266F46819CD8C6A00EA3AD8 /* eatgood007Tests.m */; };
/* End PBXBuildFile section */

/* Begin PBXContainerItemProxy section */
		7266F46319CD8C6A00EA3AD8 /* PBXContainerItemProxy */ = {
			isa = PBXContainerItemProxy;
			containerPortal = 7266F43E19CD8C6900EA3AD8 /* Project object */;
			proxyType = 1;
			remoteGlobalIDString = 7266F44519CD8C6A00EA3AD8;
			remoteInfo = eatgood007;
		};
/* End PBXContainerItemProxy section */

/* Begin PBXFileReference section */
		7266F44619CD8C6A00EA3AD8 /* eatgood007.app */ = {isa = PBXFileReference; explicitFileType = wrapper.application; includeInIndex = 0; path = eatgood007.app; sourceTree = BUILT_PRODUCTS_DIR; };
		7266F44A19CD8C6A00EA3AD8 /* Info.plist */ = {isa = PBXFileReference; lastKnownFileType = text.plist.xml; path = Info.plist; sourceTree = "<group>"; };
		7266F44B19CD8C6A00EA3AD8 /* main.m */ = {isa = PBXFileReference; lastKnownFileType = sourcecode.c.objc; path = main.m; sourceTree = "<group>"; };
		7266F44D19CD8C6A00EA3AD8 /* AppDelegate.h */ = {isa = PBXFileReference; lastKnownFileType = sourcecode.c.h; path = AppDelegate.h; sourceTree = "<group>"; };
		7266F44E19CD8C6A00EA3AD8 /* AppDelegate.m */ = {isa = PBXFileReference; lastKnownFileType = sourcecode.c.objc; path = AppDelegate.m; sourceTree = "<group>"; };
		7266F45119CD8C6A00EA3AD8 /* eatgood007.xcdatamodel */ = {isa = PBXFileReference; lastKnownFileType = wrapper.xcdatamodel; path = eatgood007.xcdatamodel; sourceTree = "<group>"; };
		7266F45319CD8C6A00EA3AD8 /* ViewController.h */ = {isa = PBXFileReference; lastKnownFileType = sourcecode.c.h; path = ViewController.h; sourceTree = "<group>"; };
		7266F45419CD8C6A00EA3AD8 /* ViewController.m */ = {isa = PBXFileReference; lastKnownFileType = sourcecode.c.objc; path = ViewController.m; sourceTree = "<group>"; };
		7266F45719CD8C6A00EA3AD8 /* Base */ = {isa = PBXFileReference; lastKnownFileType = file.storyboard; name = Base; path = Base.lproj/Main.storyboard; sourceTree = "<group>"; };
		7266F45919CD8C6A00EA3AD8 /* Images.xcassets */ = {isa = PBXFileReference; lastKnownFileType = folder.assetcatalog; path = Images.xcassets; sourceTree = "<group>"; };
		7266F45C19CD8C6A00EA3AD8 /* Base */ = {isa = PBXFileReference; lastKnownFileType = file.xib; name = Base; path = Base.lproj/LaunchScreen.xib; sourceTree = "<group>"; };
		7266F46219CD8C6A00EA3AD8 /* eatgood007Tests.xctest */ = {isa = PBXFileReference; explicitFileType = wrapper.cfbundle; includeInIndex = 0; path = eatgood007Tests.xctest; sourceTree = BUILT_PRODUCTS_DIR; };
		7266F46719CD8C6A00EA3AD8 /* Info.plist */ = {isa = PBXFileReference; lastKnownFileType = text.plist.xml; path = Info.plist; sourceTree = "<group>"; };
		7266F46819CD8C6A00EA3AD8 /* eatgood007Tests.m */ = {isa = PBXFileReference; lastKnownFileType = sourcecode.c.objc; path = eatgood007Tests.m; sourceTree = "<group>"; };
/* End PBXFileReference section */

/* Begin PBXFrameworksBuildPhase section */
		7266F44319CD8C6A00EA3AD8 /* Frameworks */ = {
			isa = PBXFrameworksBuildPhase;
			buildActionMask = 2147483647;
			files = (
			);
			runOnlyForDeploymentPostprocessing = 0;
		};
		7266F45F19CD8C6A00EA3AD8 /* Frameworks */ = {
			isa = PBXFrameworksBuildPhase;
			buildActionMask = 2147483647;
			files = (
			);
			runOnlyForDeploymentPostprocessing = 0;
		};
/* End PBXFrameworksBuildPhase section */

/* Begin PBXGroup section */
		7266F43D19CD8C6900EA3AD8 = {
			isa = PBXGroup;
			children = (
				7266F44819CD8C6A00EA3AD8 /* eatgood007 */,
				7266F46519CD8C6A00EA3AD8 /* eatgood007Tests */,
				7266F44719CD8C6A00EA3AD8 /* Products */,
			);
			sourceTree = "<group>";
		};
		7266F44719CD8C6A00EA3AD8 /* Products */ = {
			isa = PBXGroup;
			children = (
				7266F44619CD8C6A00EA3AD8 /* eatgood007.app */,
				7266F46219CD8C6A00EA3AD8 /* eatgood007Tests.xctest */,
			);
			name = Products;
			sourceTree = "<group>";
		};
		7266F44819CD8C6A00EA3AD8 /* eatgood007 */ = {
			isa = PBXGroup;
			children = (
				7266F44D19CD8C6A00EA3AD8 /* AppDelegate.h */,
				7266F44E19CD8C6A00EA3AD8 /* AppDelegate.m */,
				7266F45319CD8C6A00EA3AD8 /* ViewController.h */,
				7266F45419CD8C6A00EA3AD8 /* ViewController.m */,
				7266F45619CD8C6A00EA3AD8 /* Main.storyboard */,
				7266F45919CD8C6A00EA3AD8 /* Images.xcassets */,
				7266F45B19CD8C6A00EA3AD8 /* LaunchScreen.xib */,
				7266F45019CD8C6A00EA3AD8 /* eatgood007.xcdatamodeld */,
				7266F44919CD8C6A00EA3AD8 /* Supporting Files */,
			);
			path = eatgood007;
			sourceTree = "<group>";
		};
		7266F44919CD8C6A00EA3AD8 /* Supporting Files */ = {
			isa = PBXGroup;
			children = (
				7266F44A19CD8C6A00EA3AD8 /* Info.plist */,
				7266F44B19CD8C6A00EA3AD8 /* main.m */,
			);
			name = "Supporting Files";
			sourceTree = "<group>";
		};
		7266F46519CD8C6A00EA3AD8 /* eatgood007Tests */ = {
			isa = PBXGroup;
			children = (
				7266F46819CD8C6A00EA3AD8 /* eatgood007Tests.m */,
				7266F46619CD8C6A00EA3AD8 /* Supporting Files */,
			);
			path = eatgood007Tests;
			sourceTree = "<group>";
		};
		7266F46619CD8C6A00EA3AD8 /* Supporting Files */ = {
			isa = PBXGroup;
			children = (
				7266F46719CD8C6A00EA3AD8 /* Info.plist */,
			);
			name = "Supporting Files";
			sourceTree = "<group>";
		};
/* End PBXGroup section */

/* Begin PBXNativeTarget section */
		7266F44519CD8C6A00EA3AD8 /* eatgood007 */ = {
			isa = PBXNativeTarget;
			buildConfigurationList = 7266F46C19CD8C6A00EA3AD8 /* Build configuration list for PBXNativeTarget "eatgood007" */;
			buildPhases = (
				7266F44219CD8C6A00EA3AD8 /* Sources */,
				7266F44319CD8C6A00EA3AD8 /* Frameworks */,
				7266F44419CD8C6A00EA3AD8 /* Resources */,
			);
			buildRules = (
			);
			dependencies = (
			);
			name = eatgood007;
			productName = eatgood007;
			productReference = 7266F44619CD8C6A00EA3AD8 /* eatgood007.app */;
			productType = "com.apple.product-type.application";
		};
		7266F46119CD8C6A00EA3AD8 /* eatgood007Tests */ = {
			isa = PBXNativeTarget;
			buildConfigurationList = 7266F46F19CD8C6A00EA3AD8 /* Build configuration list for PBXNativeTarget "eatgood007Tests" */;
			buildPhases = (
				7266F45E19CD8C6A00EA3AD8 /* Sources */,
				7266F45F19CD8C6A00EA3AD8 /* Frameworks */,
				7266F46019CD8C6A00EA3AD8 /* Resources */,
			);
			buildRules = (
			);
			dependencies = (
				7266F46419CD8C6A00EA3AD8 /* PBXTargetDependency */,
			);
			name = eatgood007Tests;
			productName = eatgood007Tests;
			productReference = 7266F46219CD8C6A00EA3AD8 /* eatgood007Tests.xctest */;
			productType = "com.apple.product-type.bundle.unit-test";
		};
/* End PBXNativeTarget section */

/* Begin PBXProject section */
		7266F43E19CD8C6900EA3AD8 /* Project object */ = {
			isa = PBXProject;
			attributes = {
				LastUpgradeCheck = 0600;
				ORGANIZATIONNAME = eatgood007;
				TargetAttributes = {
					7266F44519CD8C6A00EA3AD8 = {
						CreatedOnToolsVersion = 6.0;
					};
					7266F46119CD8C6A00EA3AD8 = {
						CreatedOnToolsVersion = 6.0;
						TestTargetID = 7266F44519CD8C6A00EA3AD8;
					};
				};
			};
			buildConfigurationList = 7266F44119CD8C6900EA3AD8 /* Build configuration list for PBXProject "eatgood007" */;
			compatibilityVersion = "Xcode 3.2";
			developmentRegion = English;
			hasScannedForEncodings = 0;
			knownRegions = (
				en,
				Base,
			);
			mainGroup = 7266F43D19CD8C6900EA3AD8;
			productRefGroup = 7266F44719CD8C6A00EA3AD8 /* Products */;
			projectDirPath = "";
			projectRoot = "";
			targets = (
				7266F44519CD8C6A00EA3AD8 /* eatgood007 */,
				7266F46119CD8C6A00EA3AD8 /* eatgood007Tests */,
			);
		};
/* End PBXProject section */

/* Begin PBXResourcesBuildPhase section */
		7266F44419CD8C6A00EA3AD8 /* Resources */ = {
			isa = PBXResourcesBuildPhase;
			buildActionMask = 2147483647;
			files = (
				7266F45819CD8C6A00EA3AD8 /* Main.storyboard in Resources */,
				7266F45D19CD8C6A00EA3AD8 /* LaunchScreen.xib in Resources */,
				7266F45A19CD8C6A00EA3AD8 /* Images.xcassets in Resources */,
			);
			runOnlyForDeploymentPostprocessing = 0;
		};
		7266F46019CD8C6A00EA3AD8 /* Resources */ = {
			isa = PBXResourcesBuildPhase;
			buildActionMask = 2147483647;
			files = (
			);
			runOnlyForDeploymentPostprocessing = 0;
		};
/* End PBXResourcesBuildPhase section */

/* Begin PBXSourcesBuildPhase section */
		7266F44219CD8C6A00EA3AD8 /* Sources */ = {
			isa = PBXSourcesBuildPhase;
			buildActionMask = 2147483647;
			files = (
				7266F44F19CD8C6A00EA3AD8 /* AppDelegate.m in Sources */,
				7266F45219CD8C6A00EA3AD8 /* eatgood007.xcdatamodeld in Sources */,
				7266F45519CD8C6A00EA3AD8 /* ViewController.m in Sources */,
				7266F44C19CD8C6A00EA3AD8 /* main.m in Sources */,
			);
			runOnlyForDeploymentPostprocessing = 0;
		};
		7266F45E19CD8C6A00EA3AD8 /* Sources */ = {
			isa = PBXSourcesBuildPhase;
			buildActionMask = 2147483647;
			files = (
				7266F46919CD8C6A00EA3AD8 /* eatgood007Tests.m in Sources */,
			);
			runOnlyForDeploymentPostprocessing = 0;
		};
/* End PBXSourcesBuildPhase section */

/* Begin PBXTargetDependency section */
		7266F46419CD8C6A00EA3AD8 /* PBXTargetDependency */ = {
			isa = PBXTargetDependency;
			target = 7266F44519CD8C6A00EA3AD8 /* eatgood007 */;
			targetProxy = 7266F46319CD8C6A00EA3AD8 /* PBXContainerItemProxy */;
		};
/* End PBXTargetDependency section */

/* Begin PBXVariantGroup section */
		7266F45619CD8C6A00EA3AD8 /* Main.storyboard */ = {
			isa = PBXVariantGroup;
			children = (
				7266F45719CD8C6A00EA3AD8 /* Base */,
			);
			name = Main.storyboard;
			sourceTree = "<group>";
		};
		7266F45B19CD8C6A00EA3AD8 /* LaunchScreen.xib */ = {
			isa = PBXVariantGroup;
			children = (
				7266F45C19CD8C6A00EA3AD8 /* Base */,
			);
			name = LaunchScreen.xib;
			sourceTree = "<group>";
		};
/* End PBXVariantGroup section */

/* Begin XCBuildConfiguration section */
		7266F46A19CD8C6A00EA3AD8 /* Debug */ = {
			isa = XCBuildConfiguration;
			buildSettings = {
				ALWAYS_SEARCH_USER_PATHS = NO;
				CLANG_CXX_LANGUAGE_STANDARD = "gnu++0x";
				CLANG_CXX_LIBRARY = "libc++";
				CLANG_ENABLE_MODULES = YES;
				CLANG_ENABLE_OBJC_ARC = YES;
				CLANG_WARN_BOOL_CONVERSION = YES;
				CLANG_WARN_CONSTANT_CONVERSION = YES;
				CLANG_WARN_DIRECT_OBJC_ISA_USAGE = YES_ERROR;
				CLANG_WARN_EMPTY_BODY = YES;
				CLANG_WARN_ENUM_CONVERSION = YES;
				CLANG_WARN_INT_CONVERSION = YES;
				CLANG_WARN_OBJC_ROOT_CLASS = YES_ERROR;
				CLANG_WARN_UNREACHABLE_CODE = YES;
				CLANG_WARN__DUPLICATE_METHOD_MATCH = YES;
				"CODE_SIGN_IDENTITY[sdk=iphoneos*]" = "iPhone Developer";
				COPY_PHASE_STRIP = NO;
				ENABLE_STRICT_OBJC_MSGSEND = YES;
				GCC_C_LANGUAGE_STANDARD = gnu99;
				GCC_DYNAMIC_NO_PIC = NO;
				GCC_OPTIMIZATION_LEVEL = 0;
				GCC_PREPROCESSOR_DEFINITIONS = (
					"DEBUG=1",
					"$(inherited)",
				);
				GCC_SYMBOLS_PRIVATE_EXTERN = NO;
				GCC_WARN_64_TO_32_BIT_CONVERSION = YES;
				GCC_WARN_ABOUT_RETURN_TYPE = YES_ERROR;
				GCC_WARN_UNDECLARED_SELECTOR = YES;
				GCC_WARN_UNINITIALIZED_AUTOS = YES_AGGRESSIVE;
				GCC_WARN_UNUSED_FUNCTION = YES;
				GCC_WARN_UNUSED_VARIABLE = YES;
				IPHONEOS_DEPLOYMENT_TARGET = 8.0;
				MTL_ENABLE_DEBUG_INFO = YES;
				ONLY_ACTIVE_ARCH = YES;
				SDKROOT = iphoneos;
			};
			name = Debug;
		};
		7266F46B19CD8C6A00EA3AD8 /* Release */ = {
			isa = XCBuildConfiguration;
			buildSettings = {
				ALWAYS_SEARCH_USER_PATHS = NO;
				CLANG_CXX_LANGUAGE_STANDARD = "gnu++0x";
				CLANG_CXX_LIBRARY = "libc++";
				CLANG_ENABLE_MODULES = YES;
				CLANG_ENABLE_OBJC_ARC = YES;
				CLANG_WARN_BOOL_CONVERSION = YES;
				CLANG_WARN_CONSTANT_CONVERSION = YES;
				CLANG_WARN_DIRECT_OBJC_ISA_USAGE = YES_ERROR;
				CLANG_WARN_EMPTY_BODY = YES;
				CLANG_WARN_ENUM_CONVERSION = YES;
				CLANG_WARN_INT_CONVERSION = YES;
				CLANG_WARN_OBJC_ROOT_CLASS = YES_ERROR;
				CLANG_WARN_UNREACHABLE_CODE = YES;
				CLANG_WARN__DUPLICATE_METHOD_MATCH = YES;
				"CODE_SIGN_IDENTITY[sdk=iphoneos*]" = "iPhone Developer";
				COPY_PHASE_STRIP = YES;
				ENABLE_NS_ASSERTIONS = NO;
				ENABLE_STRICT_OBJC_MSGSEND = YES;
				GCC_C_LANGUAGE_STANDARD = gnu99;
				GCC_WARN_64_TO_32_BIT_CONVERSION = YES;
				GCC_WARN_ABOUT_RETURN_TYPE = YES_ERROR;
				GCC_WARN_UNDECLARED_SELECTOR = YES;
				GCC_WARN_UNINITIALIZED_AUTOS = YES_AGGRESSIVE;
				GCC_WARN_UNUSED_FUNCTION = YES;
				GCC_WARN_UNUSED_VARIABLE = YES;
				IPHONEOS_DEPLOYMENT_TARGET = 8.0;
				MTL_ENABLE_DEBUG_INFO = NO;
				SDKROOT = iphoneos;
				VALIDATE_PRODUCT = YES;
			};
			name = Release;
		};
		7266F46D19CD8C6A00EA3AD8 /* Debug */ = {
			isa = XCBuildConfiguration;
			buildSettings = {
				ASSETCATALOG_COMPILER_APPICON_NAME = AppIcon;
				INFOPLIST_FILE = eatgood007/Info.plist;
				LD_RUNPATH_SEARCH_PATHS = "$(inherited) @executable_path/Frameworks";
				PRODUCT_NAME = "$(TARGET_NAME)";
			};
			name = Debug;
		};
		7266F46E19CD8C6A00EA3AD8 /* Release */ = {
			isa = XCBuildConfiguration;
			buildSettings = {
				ASSETCATALOG_COMPILER_APPICON_NAME = AppIcon;
				INFOPLIST_FILE = eatgood007/Info.plist;
				LD_RUNPATH_SEARCH_PATHS = "$(inherited) @executable_path/Frameworks";
				PRODUCT_NAME = "$(TARGET_NAME)";
			};
			name = Release;
		};
		7266F47019CD8C6A00EA3AD8 /* Debug */ = {
			isa = XCBuildConfiguration;
			buildSettings = {
				BUNDLE_LOADER = "$(TEST_HOST)";
				FRAMEWORK_SEARCH_PATHS = (
					"$(SDKROOT)/Developer/Library/Frameworks",
					"$(inherited)",
				);
				GCC_PREPROCESSOR_DEFINITIONS = (
					"DEBUG=1",
					"$(inherited)",
				);
				INFOPLIST_FILE = eatgood007Tests/Info.plist;
				LD_RUNPATH_SEARCH_PATHS = "$(inherited) @executable_path/Frameworks @loader_path/Frameworks";
				PRODUCT_NAME = "$(TARGET_NAME)";
				TEST_HOST = "$(BUILT_PRODUCTS_DIR)/eatgood007.app/eatgood007";
			};
			name = Debug;
		};
		7266F47119CD8C6A00EA3AD8 /* Release */ = {
			isa = XCBuildConfiguration;
			buildSettings = {
				BUNDLE_LOADER = "$(TEST_HOST)";
				FRAMEWORK_SEARCH_PATHS = (
					"$(SDKROOT)/Developer/Library/Frameworks",
					"$(inherited)",
				);
				INFOPLIST_FILE = eatgood007Tests/Info.plist;
				LD_RUNPATH_SEARCH_PATHS = "$(inherited) @executable_path/Frameworks @loader_path/Frameworks";
				PRODUCT_NAME = "$(TARGET_NAME)";
				TEST_HOST = "$(BUILT_PRODUCTS_DIR)/eatgood007.app/eatgood007";
			};
			name = Release;
		};
/* End XCBuildConfiguration section */

/* Begin XCConfigurationList section */
		7266F44119CD8C6900EA3AD8 /* Build configuration list for PBXProject "eatgood007" */ = {
			isa = XCConfigurationList;
			buildConfigurations = (
				7266F46A19CD8C6A00EA3AD8 /* Debug */,
				7266F46B19CD8C6A00EA3AD8 /* Release */,
			);
			defaultConfigurationIsVisible = 0;
			defaultConfigurationName = Release;
		};
		7266F46C19CD8C6A00EA3AD8 /* Build configuration list for PBXNativeTarget "eatgood007" */ = {
			isa = XCConfigurationList;
			buildConfigurations = (
				7266F46D19CD8C6A00EA3AD8 /* Debug */,
				7266F46E19CD8C6A00EA3AD8 /* Release */,
			);
			defaultConfigurationIsVisible = 0;
		};
		7266F46F19CD8C6A00EA3AD8 /* Build configuration list for PBXNativeTarget "eatgood007Tests" */ = {
			isa = XCConfigurationList;
			buildConfigurations = (
				7266F47019CD8C6A00EA3AD8 /* Debug */,
				7266F47119CD8C6A00EA3AD8 /* Release */,
			);
			defaultConfigurationIsVisible = 0;
		};
/* End XCConfigurationList section */

/* Begin XCVersionGroup section */
		7266F45019CD8C6A00EA3AD8 /* eatgood007.xcdatamodeld */ = {
			isa = XCVersionGroup;
			children = (
				7266F45119CD8C6A00EA3AD8 /* eatgood007.xcdatamodel */,
			);
			currentVersion = 7266F45119CD8C6A00EA3AD8 /* eatgood007.xcdatamodel */;
			path = eatgood007.xcdatamodeld;
			sourceTree = "<group>";
			versionGroupType = wrapper.xcdatamodel;
		};
/* End XCVersionGroup section */
	};
	rootObject = 7266F43E19CD8C6900EA3AD8 /* Project object */;
}
